{
  "nodes": {
    "caelestia-cli": {
      "inputs": {
        "caelestia-shell": [
          "caelestia-shell"
        ],
        "nixpkgs": [
          "caelestia-shell",
          "nixpkgs"
        ]
      },
      "locked": {
        "lastModified": 1780375472,
        "narHash": "sha256-Q8RAJoYlakA6B2I5DVcuxzNbhCNU1nnIjqQZYP1KGrM=",
        "owner": "caelestia-dots",
        "repo": "cli",
        "rev": "d1c8c8fc09738d1b40576e97c274b4a11a2e0ac7",
        "type": "github"
      },
      "original": {
        "owner": "caelestia-dots",
        "repo": "cli",
        "type": "github"
      }
    },
    "caelestia-dots": {
      "flake": false,
      "locked": {
        "lastModified": 1780835059,
        "narHash": "sha256-2tgIN5R0y6puep+TxwSC1Icgi/zYcPNfUKsrbzbJq9k=",
        "owner": "caelestia-dots",
        "repo": "caelestia",
        "rev": "757b7f26b8e637754ddd498671360dd6ba7e89ef",
        "type": "github"
      },
      "original": {
        "owner": "caelestia-dots",
        "repo": "caelestia",
        "type": "github"
      }
    },
    "caelestia-shell": {
      "inputs": {
        "caelestia-cli": "caelestia-cli",
        "m3shapes": "m3shapes",
        "nixpkgs": [
          "nixpkgs"
        ],
        "quickshell": "quickshell"
      },
      "locked": {
        "lastModified": 1781178648,
        "narHash": "sha256-z6V1T7MHShM7TfFIMCDp94Bi1Wk9LJfK96vm8YFGY5M=",
        "owner": "caelestia-dots",
        "repo": "shell",
        "rev": "a16c957a8bd13e0cfd09928ca0a22fecd3681e44",
        "type": "github"
      },
      "original": {
        "owner": "caelestia-dots",
        "repo": "shell",
        "type": "github"
      }
    },
    "darkly": {
      "inputs": {
        "nixpkgs": [
          "nixpkgs"
        ]
      },
      "locked": {
        "lastModified": 1780519775,
        "narHash": "sha256-u12imjPk4ZhOen/PgnLiNPML+5NmuKO0Ja4wQKU/Y8E=",
        "owner": "Bali10050",
        "repo": "Darkly",
        "rev": "11c27e2d98025f4d4c1598f07a185280b36f35f7",
        "type": "github"
      },
      "original": {
        "owner": "Bali10050",
        "repo": "Darkly",
        "type": "github"
      }
    },
    "home-manager": {
      "inputs": {
        "nixpkgs": [
          "nixpkgs"
        ]
      },
      "locked": {
        "lastModified": 1781305496,
        "narHash": "sha256-g8Vv4Qfc7n+lgov97REu3X6BeJtvYY0hlSUZR1GrGQQ=",
        "owner": "nix-community",
        "repo": "home-manager",
        "rev": "c87a39aa979acc4848016d2220c6238390d84779",
        "type": "github"
      },
      "original": {
        "owner": "nix-community",
        "repo": "home-manager",
        "type": "github"
      }
    },
    "home-manager_2": {
      "inputs": {
        "nixpkgs": [
          "zen-browser",
          "nixpkgs"
        ]
      },
      "locked": {
        "lastModified": 1780515920,
        "narHash": "sha256-8KX2hEeOX6KP3hBBJJI8dGWVrzbOOf1rBPmg/GUG24U=",
        "owner": "nix-community",
        "repo": "home-manager",
        "rev": "4c5c1e8ba14f1c7475fa31ff11bc1c19cd220974",
        "type": "github"
      },
      "original": {
        "owner": "nix-community",
        "repo": "home-manager",
        "type": "github"
      }
    },
    "m3shapes": {
      "flake": false,
      "locked": {
        "lastModified": 1781017666,
        "narHash": "sha256-kfHyzZaPHgqZML48OA+5JwBOsLdQJ2ci/aGPShvUB4Y=",
        "owner": "soramanew",
        "repo": "m3shapes",
        "rev": "bdc327b29f95394a732baf3c9b19658ba23755b6",
        "type": "github"
      },
      "original": {
        "owner": "soramanew",
        "repo": "m3shapes",
        "rev": "bdc327b29f95394a732baf3c9b19658ba23755b6",
        "type": "github"
      }
    },
    "nixpkgs": {
      "locked": {
        "lastModified": 1781074563,
        "narHash": "sha256-md8WlXOlfnIeHeOScMTTHFyf2d6iaTwPl2apR5EQ3P4=",
        "owner": "NixOS",
        "repo": "nixpkgs",
        "rev": "9ae611a455b90cf061d8f332b977e387bda8e1ca",
        "type": "github"
      },
      "original": {
        "owner": "NixOS",
        "ref": "nixos-unstable",
        "repo": "nixpkgs",
        "type": "github"
      }
    },
    "plasma-manager": {
      "inputs": {
        "home-manager": [
          "home-manager"
        ],
        "nixpkgs": [
          "nixpkgs"
        ]
      },
      "locked": {
        "lastModified": 1775856943,
        "narHash": "sha256-b7Mp7P+q2Md5AGt4rjHfMcBykzMumFTen10ST++AuTU=",
        "owner": "nix-community",
        "repo": "plasma-manager",
        "rev": "a524a6160e6df89f7673ba293cf7d78b559eb1a5",
        "type": "github"
      },
      "original": {
        "owner": "nix-community",
        "repo": "plasma-manager",
        "type": "github"
      }
    },
    "quickshell": {
      "inputs": {
        "nixpkgs": [
          "caelestia-shell",
          "nixpkgs"
        ]
      },
      "locked": {
        "lastModified": 1780303737,
        "narHash": "sha256-7HgdJBG4BgAPDyHKKxWtxj7nziqsQo6zQCXtwy+L9fs=",
        "ref": "refs/heads/master",
        "rev": "b66495fcc5022681b56b61f928c7acbe910e722c",
        "revCount": 821,
        "type": "git",
        "url": "https://git.outfoxxed.me/outfoxxed/quickshell"
      },
      "original": {
        "type": "git",
        "url": "https://git.outfoxxed.me/outfoxxed/quickshell"
      }
    },
    "root": {
      "inputs": {
        "caelestia-dots": "caelestia-dots",
        "caelestia-shell": "caelestia-shell",
        "darkly": "darkly",
        "home-manager": "home-manager",
        "nixpkgs": "nixpkgs",
        "plasma-manager": "plasma-manager",
        "zen-browser": "zen-browser"
      }
    },
    "zen-browser": {
      "inputs": {
        "home-manager": "home-manager_2",
        "nixpkgs": [
          "nixpkgs"
        ]
      },
      "locked": {
        "lastModified": 1781353552,
        "narHash": "sha256-FHqsgWr7O3XcRNtBO/bjo/nI06EP9JjUb5AEz0Dh3HI=",
        "owner": "0xc000022070",
        "repo": "zen-browser-flake",
        "rev": "b7562bb6de361d2982a2a6104ee27e4f3169efa5",
        "type": "github"
      },
      "original": {
        "owner": "0xc000022070",
        "repo": "zen-browser-flake",
        "type": "github"
      }
    }
  },
  "root": "root",
  "version": 7
}
